
Microsoft Visual Studio Solution File, Format Version 12.00
# Visual Studio Version 17
VisualStudioVersion = 17.1.32421.90
MinimumVisualStudioVersion = 10.0.40219.1
Project("{FAE04EC0-301F-11D3-BF4B-00C04F79EFBC}") = "S22_DSDP_Assignment", "S22_DSDP_Assignment.csproj", "{7F6C9CCF-1C33-4F2D-9022-40757E04B384}"
EndProject
Global
	GlobalSection(SolutionConfigurationPlatforms) = preSolution
		Debug|Any CPU = Debug|Any CPU
		Release|Any CPU = Release|Any CPU
	EndGlobalSection
	GlobalSection(ProjectConfigurationPlatforms) = postSolution
		{7F6C9CCF-1C33-4F2D-9022-40757E04B384}.Debug|Any CPU.ActiveCfg = Debug|Any CPU
		{7F6C9CCF-1C33-4F2D-9022-40757E04B384}.Debug|Any CPU.Build.0 = Debug|Any CPU
		{7F6C9CCF-1C33-4F2D-9022-40757E04B384}.Release|Any CPU.ActiveCfg = Release|Any CPU
		{7F6C9CCF-1C33-4F2D-9022-40757E04B384}.Release|Any CPU.Build.0 = Release|Any CPU
	EndGlobalSection
	GlobalSection(SolutionProperties) = preSolution
		HideSolutionNode = FALSE
	EndGlobalSection
	GlobalSection(ExtensibilityGlobals) = postSolution
		SolutionGuid = {7A608F8E-7B1A-4845-A96F-0C936081A7B1}
	EndGlobalSection
EndGlobal
